
Microsoft Visual Studio Solution File, Format Version 12.00
# Visual Studio Version 17
VisualStudioVersion = 17.7.34031.279
MinimumVisualStudioVersion = 10.0.40219.1
Project("{FAE04EC0-301F-11D3-BF4B-00C04F79EFBC}") = "Practic10", "Practic10.csproj", "{48808242-55B6-474D-ADE7-306C95F6EB44}"
EndProject
Global
	GlobalSection(SolutionConfigurationPlatforms) = preSolution
		Debug|Any CPU = Debug|Any CPU
		Release|Any CPU = Release|Any CPU
	EndGlobalSection
	GlobalSection(ProjectConfigurationPlatforms) = postSolution
		{48808242-55B6-474D-ADE7-306C95F6EB44}.Debug|Any CPU.ActiveCfg = Debug|Any CPU
		{48808242-55B6-474D-ADE7-306C95F6EB44}.Debug|Any CPU.Build.0 = Debug|Any CPU
		{48808242-55B6-474D-ADE7-306C95F6EB44}.Release|Any CPU.ActiveCfg = Release|Any CPU
		{48808242-55B6-474D-ADE7-306C95F6EB44}.Release|Any CPU.Build.0 = Release|Any CPU
	EndGlobalSection
	GlobalSection(SolutionProperties) = preSolution
		HideSolutionNode = FALSE
	EndGlobalSection
	GlobalSection(ExtensibilityGlobals) = postSolution
		SolutionGuid = {387582D2-B494-41CC-997A-833BACB98878}
	EndGlobalSection
EndGlobal
